
Microsoft Visual Studio Solution File, Format Version 12.00
# Visual Studio Version 17
VisualStudioVersion = 17.10.35027.167
MinimumVisualStudioVersion = 10.0.40219.1
Project("{9A19103F-16F7-4668-BE54-9A1E7A4F7556}") = "devBlog", "devBlog\devBlog.csproj", "{9ACEDF14-EBBD-4C9B-9D4B-BC9A8D3704D0}"
	ProjectSection(ProjectDependencies) = postProject
		{AFFD1D94-A98B-415A-A66A-333C50BA0A30} = {AFFD1D94-A98B-415A-A66A-333C50BA0A30}
	EndProjectSection
EndProject
Project("{9A19103F-16F7-4668-BE54-9A1E7A4F7556}") = "BusinessLogic", "BusinessLogic\BusinessLogic.csproj", "{AFFD1D94-A98B-415A-A66A-333C50BA0A30}"
	ProjectSection(ProjectDependencies) = postProject
		{350D180D-3CB3-45CC-852F-9B849DB72575} = {350D180D-3CB3-45CC-852F-9B849DB72575}
	EndProjectSection
EndProject
Project("{9A19103F-16F7-4668-BE54-9A1E7A4F7556}") = "DataAccess", "DataAccess\DataAccess.csproj", "{350D180D-3CB3-45CC-852F-9B849DB72575}"
EndProject
Global
	GlobalSection(SolutionConfigurationPlatforms) = preSolution
		Debug|Any CPU = Debug|Any CPU
		Release|Any CPU = Release|Any CPU
	EndGlobalSection
	GlobalSection(ProjectConfigurationPlatforms) = postSolution
		{9ACEDF14-EBBD-4C9B-9D4B-BC9A8D3704D0}.Debug|Any CPU.ActiveCfg = Release|Any CPU
		{9ACEDF14-EBBD-4C9B-9D4B-BC9A8D3704D0}.Debug|Any CPU.Build.0 = Release|Any CPU
		{9ACEDF14-EBBD-4C9B-9D4B-BC9A8D3704D0}.Release|Any CPU.ActiveCfg = Release|Any CPU
		{9ACEDF14-EBBD-4C9B-9D4B-BC9A8D3704D0}.Release|Any CPU.Build.0 = Release|Any CPU
		{AFFD1D94-A98B-415A-A66A-333C50BA0A30}.Debug|Any CPU.ActiveCfg = Debug|Any CPU
		{AFFD1D94-A98B-415A-A66A-333C50BA0A30}.Debug|Any CPU.Build.0 = Debug|Any CPU
		{AFFD1D94-A98B-415A-A66A-333C50BA0A30}.Release|Any CPU.ActiveCfg = Release|Any CPU
		{AFFD1D94-A98B-415A-A66A-333C50BA0A30}.Release|Any CPU.Build.0 = Release|Any CPU
		{350D180D-3CB3-45CC-852F-9B849DB72575}.Debug|Any CPU.ActiveCfg = Debug|Any CPU
		{350D180D-3CB3-45CC-852F-9B849DB72575}.Debug|Any CPU.Build.0 = Debug|Any CPU
		{350D180D-3CB3-45CC-852F-9B849DB72575}.Release|Any CPU.ActiveCfg = Release|Any CPU
		{350D180D-3CB3-45CC-852F-9B849DB72575}.Release|Any CPU.Build.0 = Release|Any CPU
	EndGlobalSection
	GlobalSection(SolutionProperties) = preSolution
		HideSolutionNode = FALSE
	EndGlobalSection
	GlobalSection(ExtensibilityGlobals) = postSolution
		SolutionGuid = {4B0BE6E2-A775-4D80-81A3-E2D5F6ED3692}
	EndGlobalSection
EndGlobal
